# This file is generated by running "yarn install" inside your project.
# Manual changes might be lost - proceed with caution!

__metadata:
  version: 8
  cacheKey: 10

"@atlaskit/pragmatic-drag-and-drop@npm:^1.5.2":
  version: 1.5.2
  resolution: "@atlaskit/pragmatic-drag-and-drop@npm:1.5.2"
  dependencies:
    "@babel/runtime": "npm:^7.0.0"
    bind-event-listener: "npm:^3.0.0"
    raf-schd: "npm:^4.0.3"
  checksum: 10/85009e9f819e8a6431632f4eff83b5f5928c708f51730d22590585600e000d26686cb03bb7a8e89a4f838e8d631786d81d82c71620f5c6d5d33ca51a205010c8
  languageName: node
  linkType: hard

"@babel/runtime@npm:^7.0.0":
  version: 7.27.0
  resolution: "@babel/runtime@npm:7.27.0"
  dependencies:
    regenerator-runtime: "npm:^0.14.0"
  checksum: 10/e6966e03b695feb4c0ac0856a4355231c2580bf9ebd0298f47739f85c0ea658679dd84409daf26378d42c86c1cbe7e33feab709b14e784254b6c441d91606465
  languageName: node
  linkType: hard

"bind-event-listener@npm:^3.0.0":
  version: 3.0.0
  resolution: "bind-event-listener@npm:3.0.0"
  checksum: 10/3d442307ee906b79f041433b065e7b259bd1e5231a74519271cc5beb485f7c469609da9c7f20fdd0b3ab340e4691fee826b76d003c71cf5ad955186aba5c256e
  languageName: node
  linkType: hard

"nested-package-json@workspace:.":
  version: 0.0.0-use.local
  resolution: "nested-package-json@workspace:."
  dependencies:
    "@atlaskit/pragmatic-drag-and-drop": "npm:^1.5.2"
  languageName: unknown
  linkType: soft

"raf-schd@npm:^4.0.3":
  version: 4.0.3
  resolution: "raf-schd@npm:4.0.3"
  checksum: 10/45514041c5ad31fa96aef3bb3c572a843b92da2f2cd1cb4a47c9ad58e48761d3a4126e18daa32b2bfa0bc2551a42d8f324a0e40e536cb656969929602b4e8b58
  languageName: node
  linkType: hard

"regenerator-runtime@npm:^0.14.0":
  version: 0.14.1
  resolution: "regenerator-runtime@npm:0.14.1"
  checksum: 10/5db3161abb311eef8c45bcf6565f4f378f785900ed3945acf740a9888c792f75b98ecb77f0775f3bf95502ff423529d23e94f41d80c8256e8fa05ed4b07cf471
  languageName: node
  linkType: hard
