# This file is generated by running "yarn install" inside your project.
# Manual changes might be lost - proceed with caution!

__metadata:
  version: 8
  cacheKey: 10c0

"@atlaskit/pragmatic-drag-and-drop@npm:^1.5.2":
  version: 1.5.2
  resolution: "@atlaskit/pragmatic-drag-and-drop@npm:1.5.2"
  dependencies:
    "@babel/runtime": "npm:^7.0.0"
    bind-event-listener: "npm:^3.0.0"
    raf-schd: "npm:^4.0.3"
  checksum: 10c0/1dace49fa384b532ca3ba363931e8c3b3d92632c02b259bc2823d2b443a8dd903a2c218d96aaceb3b715b9925a2438a570d09ed82287ab7180eabef89fd0fa43
  languageName: node
  linkType: hard

"@babel/runtime@npm:^7.0.0":
  version: 7.27.0
  resolution: "@babel/runtime@npm:7.27.0"
  dependencies:
    regenerator-runtime: "npm:^0.14.0"
  checksum: 10c0/35091ea9de48bd7fd26fb177693d64f4d195eb58ab2b142b893b7f3fa0f1d7c677604d36499ae0621a3703f35ba0c6a8f6c572cc8f7dc0317213841e493cf663
  languageName: node
  linkType: hard

"bind-event-listener@npm:^3.0.0":
  version: 3.0.0
  resolution: "bind-event-listener@npm:3.0.0"
  checksum: 10c0/08eadf1c7d3a58633f25c2bbd8dc066f77ef4e5df1049e81ff2f43a40c00f6581aba37387caa4878782b1f1f7c337b827757f52b637052a465ad74a7e1db8def
  languageName: node
  linkType: hard

"lodash.zip@npm:^4.2.0":
  version: 4.2.0
  resolution: "lodash.zip@npm:4.2.0"
  checksum: 10c0/e596da80a6138e369998b50c78b51ed6cf984b4f239e59056aa18dca5972a213c491c511caf5888a2dec603c67265caf942099bec554a86a5c7ff1937d57f0e4
  languageName: node
  linkType: hard

"pnp@workspace:.":
  version: 0.0.0-use.local
  resolution: "pnp@workspace:."
  dependencies:
    "@atlaskit/pragmatic-drag-and-drop": "npm:^1.5.2"
    lodash.zip: "npm:^4.2.0"
  languageName: unknown
  linkType: soft

"raf-schd@npm:^4.0.3":
  version: 4.0.3
  resolution: "raf-schd@npm:4.0.3"
  checksum: 10c0/ecabf0957c05fad059779bddcd992f1a9d3a35dfea439a6f0935c382fcf4f7f7fa60489e467b4c2db357a3665167d2a379782586b59712bb36c766e02824709b
  languageName: node
  linkType: hard

"regenerator-runtime@npm:^0.14.0":
  version: 0.14.1
  resolution: "regenerator-runtime@npm:0.14.1"
  checksum: 10c0/1b16eb2c4bceb1665c89de70dcb64126a22bc8eb958feef3cd68fe11ac6d2a4899b5cd1b80b0774c7c03591dc57d16631a7f69d2daa2ec98100e2f29f7ec4cc4
  languageName: node
  linkType: hard
