# This file is generated by running "yarn install" inside your project.
# Manual changes might be lost - proceed with caution!

__metadata:
  version: 8
  cacheKey: 10

"lodash.zip@npm:^4.2.0":
  version: 4.2.0
  resolution: "lodash.zip@npm:4.2.0"
  checksum: 10/cb06530d81b520e27f1a5dbd4ec91df22f14977b56c267fa0eea7177eb407a048e5eb9a6baadbb1346ba607503211c36d763a74f933832c224a88b8d984cb4f9
  languageName: node
  linkType: hard

"pnp@workspace:.":
  version: 0.0.0-use.local
  resolution: "pnp@workspace:."
  dependencies:
    lodash.zip: "npm:^4.2.0"
  languageName: unknown
  linkType: soft
